Microsoft Visual Studio Solution File, Format Version 12.00
# Visual Studio Version 17
VisualStudioVersion = 17.5.2.0
MinimumVisualStudioVersion = 10.0.40219.1
Project("{FAE04EC0-301F-11D3-BF4B-00C04F79EFBC}") = "SalesReportApp", "SalesReportApp\SalesReportApp.csproj", "{68A3D572-1C17-45A9-3C6C-E5432CF6D544}"
EndProject
Global
	GlobalSection(SolutionConfigurationPlatforms) = preSolution
		Debug|Any CPU = Debug|Any CPU
		Release|Any CPU = Release|Any CPU
	EndGlobalSection
	GlobalSection(ProjectConfigurationPlatforms) = postSolution
		{68A3D572-1C17-45A9-3C6C-E5432CF6D544}.Debug|Any CPU.ActiveCfg = Debug|Any CPU
		{68A3D572-1C17-45A9-3C6C-E5432CF6D544}.Debug|Any CPU.Build.0 = Debug|Any CPU
		{68A3D572-1C17-45A9-3C6C-E5432CF6D544}.Release|Any CPU.ActiveCfg = Release|Any CPU
		{68A3D572-1C17-45A9-3C6C-E5432CF6D544}.Release|Any CPU.Build.0 = Release|Any CPU
	EndGlobalSection
	GlobalSection(SolutionProperties) = preSolution
		HideSolutionNode = FALSE
	EndGlobalSection
	GlobalSection(ExtensibilityGlobals) = postSolution
		SolutionGuid = {56A6C324-7A0C-463F-AE1D-984035BCDE57}
	EndGlobalSection
EndGlobal
